
Microsoft Visual Studio Solution File, Format Version 12.00
# Visual Studio Version 16
VisualStudioVersion = 16.0.31424.327
MinimumVisualStudioVersion = 10.0.40219.1
Project("{9A19103F-16F7-4668-BE54-9A1E7A4F7556}") = "Core", "Core\Core.csproj", "{56D7C249-057C-42D9-98D9-1BE7DA28C805}"
EndProject
Project("{9A19103F-16F7-4668-BE54-9A1E7A4F7556}") = "Entities", "Entities\Entities.csproj", "{A33D9C88-E5C8-4135-8025-2D8B5312716E}"
EndProject
Project("{9A19103F-16F7-4668-BE54-9A1E7A4F7556}") = "DataAccess", "DataAccess\DataAccess.csproj", "{8D423B7E-1AE5-4679-A99E-60A32E9B34D1}"
EndProject
Project("{9A19103F-16F7-4668-BE54-9A1E7A4F7556}") = "Business", "Business\Business.csproj", "{07376AD6-6BAB-43B9-8B15-E80D23FD2523}"
EndProject
Project("{9A19103F-16F7-4668-BE54-9A1E7A4F7556}") = "WebAPI", "WebAPI\WebAPI.csproj", "{7411992C-C38F-4698-BFE2-737000E7CBAA}"
EndProject
Global
	GlobalSection(SolutionConfigurationPlatforms) = preSolution
		Debug|Any CPU = Debug|Any CPU
		Release|Any CPU = Release|Any CPU
	EndGlobalSection
	GlobalSection(ProjectConfigurationPlatforms) = postSolution
		{56D7C249-057C-42D9-98D9-1BE7DA28C805}.Debug|Any CPU.ActiveCfg = Debug|Any CPU
		{56D7C249-057C-42D9-98D9-1BE7DA28C805}.Debug|Any CPU.Build.0 = Debug|Any CPU
		{56D7C249-057C-42D9-98D9-1BE7DA28C805}.Release|Any CPU.ActiveCfg = Release|Any CPU
		{56D7C249-057C-42D9-98D9-1BE7DA28C805}.Release|Any CPU.Build.0 = Release|Any CPU
		{A33D9C88-E5C8-4135-8025-2D8B5312716E}.Debug|Any CPU.ActiveCfg = Debug|Any CPU
		{A33D9C88-E5C8-4135-8025-2D8B5312716E}.Debug|Any CPU.Build.0 = Debug|Any CPU
		{A33D9C88-E5C8-4135-8025-2D8B5312716E}.Release|Any CPU.ActiveCfg = Release|Any CPU
		{A33D9C88-E5C8-4135-8025-2D8B5312716E}.Release|Any CPU.Build.0 = Release|Any CPU
		{8D423B7E-1AE5-4679-A99E-60A32E9B34D1}.Debug|Any CPU.ActiveCfg = Debug|Any CPU
		{8D423B7E-1AE5-4679-A99E-60A32E9B34D1}.Debug|Any CPU.Build.0 = Debug|Any CPU
		{8D423B7E-1AE5-4679-A99E-60A32E9B34D1}.Release|Any CPU.ActiveCfg = Release|Any CPU
		{8D423B7E-1AE5-4679-A99E-60A32E9B34D1}.Release|Any CPU.Build.0 = Release|Any CPU
		{07376AD6-6BAB-43B9-8B15-E80D23FD2523}.Debug|Any CPU.ActiveCfg = Debug|Any CPU
		{07376AD6-6BAB-43B9-8B15-E80D23FD2523}.Debug|Any CPU.Build.0 = Debug|Any CPU
		{07376AD6-6BAB-43B9-8B15-E80D23FD2523}.Release|Any CPU.ActiveCfg = Release|Any CPU
		{07376AD6-6BAB-43B9-8B15-E80D23FD2523}.Release|Any CPU.Build.0 = Release|Any CPU
		{7411992C-C38F-4698-BFE2-737000E7CBAA}.Debug|Any CPU.ActiveCfg = Debug|Any CPU
		{7411992C-C38F-4698-BFE2-737000E7CBAA}.Debug|Any CPU.Build.0 = Debug|Any CPU
		{7411992C-C38F-4698-BFE2-737000E7CBAA}.Release|Any CPU.ActiveCfg = Release|Any CPU
		{7411992C-C38F-4698-BFE2-737000E7CBAA}.Release|Any CPU.Build.0 = Release|Any CPU
	EndGlobalSection
	GlobalSection(SolutionProperties) = preSolution
		HideSolutionNode = FALSE
	EndGlobalSection
	GlobalSection(ExtensibilityGlobals) = postSolution
		SolutionGuid = {5EE97F69-798E-4EC5-BD2E-A01FB85BF072}
	EndGlobalSection
EndGlobal
